
Microsoft Visual Studio Solution File, Format Version 12.00
# Visual Studio Version 16
VisualStudioVersion = 16.0.29911.84
MinimumVisualStudioVersion = 10.0.40219.1
Project("{FAE04EC0-301F-11D3-BF4B-00C04F79EFBC}") = "Project-Cars", "Project-Cars\Project-Cars.csproj", "{4D4B3719-57FD-4287-8DA0-E91541A7CC90}"
EndProject
Global
	GlobalSection(SolutionConfigurationPlatforms) = preSolution
		Debug|Any CPU = Debug|Any CPU
		Release|Any CPU = Release|Any CPU
	EndGlobalSection
	GlobalSection(ProjectConfigurationPlatforms) = postSolution
		{4D4B3719-57FD-4287-8DA0-E91541A7CC90}.Debug|Any CPU.ActiveCfg = Debug|Any CPU
		{4D4B3719-57FD-4287-8DA0-E91541A7CC90}.Debug|Any CPU.Build.0 = Debug|Any CPU
		{4D4B3719-57FD-4287-8DA0-E91541A7CC90}.Release|Any CPU.ActiveCfg = Release|Any CPU
		{4D4B3719-57FD-4287-8DA0-E91541A7CC90}.Release|Any CPU.Build.0 = Release|Any CPU
	EndGlobalSection
	GlobalSection(SolutionProperties) = preSolution
		HideSolutionNode = FALSE
	EndGlobalSection
	GlobalSection(ExtensibilityGlobals) = postSolution
		SolutionGuid = {B603A661-830D-498F-A842-11548F3E36E0}
	EndGlobalSection
EndGlobal
